{
  "version": 4,
  "terraform_version": "1.4.6",
  "serial": 24,
  "lineage": "bd0a639c-e837-468d-cd1c-3ccc93330674",
  "outputs": {},
  "resources": [
    {
      "mode": "data",
      "type": "archive_file",
      "name": "lamda_handler",
      "provider": "provider[\"registry.terraform.io/hashicorp/archive\"]",
      "instances": [
        {
          "schema_version": 0,
          "attributes": {
            "excludes": null,
            "id": "f516406305bb820accd81afe29d29f3792c0ad26",
            "output_base64sha256": "9CyM6fJNJrTpf8lXfsvh5MIlD/pvpyAjplXDUVRX+CU=",
            "output_file_mode": null,
            "output_md5": "9086b0bbc274ba2082359590146082dd",
            "output_path": "./AWS/main.zip",
            "output_sha": "f516406305bb820accd81afe29d29f3792c0ad26",
            "output_size": 212,
            "source": [],
            "source_content": null,
            "source_content_filename": null,
            "source_dir": null,
            "source_file": "./main.py",
            "type": "zip"
          },
          "sensitive_attributes": []
        }
      ]
    },
    {
      "mode": "managed",
      "type": "aws_iam_policy",
      "name": "lamda_policy",
      "provider": "provider[\"registry.terraform.io/hashicorp/aws\"]",
      "instances": [
        {
          "schema_version": 0,
          "attributes": {
            "arn": "arn:aws:iam::601339197913:policy/lamda_policy",
            "description": "My test policy",
            "id": "arn:aws:iam::601339197913:policy/lamda_policy",
            "name": "lamda_policy",
            "name_prefix": "",
            "path": "/",
            "policy": "{\"Statement\":[{\"Action\":[\"ec2:Describe*\"],\"Effect\":\"Allow\",\"Resource\":\"*\"}],\"Version\":\"2012-10-17\"}",
            "policy_id": "ANPAYYAU37HMWLA6J4I7G",
            "tags": {},
            "tags_all": {}
          },
          "sensitive_attributes": [],
          "private": "bnVsbA=="
        }
      ]
    },
    {
      "mode": "managed",
      "type": "aws_iam_policy_attachment",
      "name": "test-attach",
      "provider": "provider[\"registry.terraform.io/hashicorp/aws\"]",
      "instances": [
        {
          "schema_version": 0,
          "attributes": {
            "groups": [],
            "id": "test-attachment",
            "name": "test-attachment",
            "policy_arn": "arn:aws:iam::601339197913:policy/lamda_policy",
            "roles": [
              "lamda_role"
            ],
            "users": []
          },
          "sensitive_attributes": [],
          "private": "bnVsbA==",
          "dependencies": [
            "aws_iam_policy.lamda_policy",
            "aws_iam_role.lamda_role"
          ]
        }
      ]
    },
    {
      "mode": "managed",
      "type": "aws_iam_role",
      "name": "lamda_role",
      "provider": "provider[\"registry.terraform.io/hashicorp/aws\"]",
      "instances": [
        {
          "schema_version": 0,
          "attributes": {
            "arn": "arn:aws:iam::601339197913:role/lamda_role",
            "assume_role_policy": "{\"Statement\":[{\"Action\":\"sts:AssumeRole\",\"Effect\":\"Allow\",\"Principal\":{\"Service\":\"ec2.amazonaws.com\"},\"Sid\":\"\"}],\"Version\":\"2012-10-17\"}",
            "create_date": "2023-05-04T12:04:14Z",
            "description": "",
            "force_detach_policies": false,
            "id": "lamda_role",
            "inline_policy": [],
            "managed_policy_arns": [
              "arn:aws:iam::601339197913:policy/lamda_policy"
            ],
            "max_session_duration": 3600,
            "name": "lamda_role",
            "name_prefix": "",
            "path": "/",
            "permissions_boundary": null,
            "role_last_used": [
              {
                "last_used_date": "",
                "region": ""
              }
            ],
            "tags": {},
            "tags_all": {},
            "unique_id": "AROAYYAU37HM7JOWNMZ3Z"
          },
          "sensitive_attributes": [],
          "private": "bnVsbA=="
        }
      ]
    }
  ],
  "check_results": null
}
